
Microsoft Visual Studio Solution File, Format Version 12.00
# Visual Studio Version 18
VisualStudioVersion = 18.1.11312.151
MinimumVisualStudioVersion = 10.0.40219.1
Project("{FAE04EC0-301F-11D3-BF4B-00C04F79EFBC}") = "INFO", "INFO\INFO.csproj", "{BFA40F14-C552-4296-A298-C1AE5B736DB0}"
EndProject
Project("{FAE04EC0-301F-11D3-BF4B-00C04F79EFBC}") = "AD", "AD\AD.csproj", "{F9B66CDF-EB87-4CC6-9458-094D829BEB74}"
EndProject
Project("{FAE04EC0-301F-11D3-BF4B-00C04F79EFBC}") = "PD", "PD\PD.csproj", "{EC956CAA-632D-490C-951C-5F0509F44842}"
EndProject
Project("{FAE04EC0-301F-11D3-BF4B-00C04F79EFBC}") = "LOGIWEB", "LOGIWEB\LOGIWEB.csproj", "{8096FCE6-6ACA-4BF6-A20F-4AF662A3FC41}"
EndProject
Project("{FAE04EC0-301F-11D3-BF4B-00C04F79EFBC}") = "D365", "D365\D365.csproj", "{9A3F981C-BCD2-4A9B-B4F4-6EF356E4F150}"
EndProject
Project("{FAE04EC0-301F-11D3-BF4B-00C04F79EFBC}") = "LOGITEST", "LOGITEST\LOGITEST.csproj", "{4A368746-510F-4324-8F98-4644550845BC}"
EndProject
Project("{FAE04EC0-301F-11D3-BF4B-00C04F79EFBC}") = "LOGISERVICES", "LOGISERVICES\LOGISERVICES.csproj", "{210E5FE9-15CC-4852-B922-515EF8F9D077}"
EndProject
Project("{FAE04EC0-301F-11D3-BF4B-00C04F79EFBC}") = "D365API", "D365API\D365API.csproj", "{0B88FF91-26DF-4983-9188-F96604F4E721}"
EndProject
Project("{FAE04EC0-301F-11D3-BF4B-00C04F79EFBC}") = "LOGITASKW", "LOGITASKW\LOGITASKW.csproj", "{0111ED11-45B8-475A-92FB-F58DD9444B67}"
EndProject
Global
	GlobalSection(SolutionConfigurationPlatforms) = preSolution
		Debug|Any CPU = Debug|Any CPU
		Release|Any CPU = Release|Any CPU
	EndGlobalSection
	GlobalSection(ProjectConfigurationPlatforms) = postSolution
		{BFA40F14-C552-4296-A298-C1AE5B736DB0}.Debug|Any CPU.ActiveCfg = Debug|Any CPU
		{BFA40F14-C552-4296-A298-C1AE5B736DB0}.Debug|Any CPU.Build.0 = Debug|Any CPU
		{BFA40F14-C552-4296-A298-C1AE5B736DB0}.Release|Any CPU.ActiveCfg = Release|Any CPU
		{BFA40F14-C552-4296-A298-C1AE5B736DB0}.Release|Any CPU.Build.0 = Release|Any CPU
		{F9B66CDF-EB87-4CC6-9458-094D829BEB74}.Debug|Any CPU.ActiveCfg = Debug|Any CPU
		{F9B66CDF-EB87-4CC6-9458-094D829BEB74}.Debug|Any CPU.Build.0 = Debug|Any CPU
		{F9B66CDF-EB87-4CC6-9458-094D829BEB74}.Release|Any CPU.ActiveCfg = Release|Any CPU
		{F9B66CDF-EB87-4CC6-9458-094D829BEB74}.Release|Any CPU.Build.0 = Release|Any CPU
		{EC956CAA-632D-490C-951C-5F0509F44842}.Debug|Any CPU.ActiveCfg = Debug|Any CPU
		{EC956CAA-632D-490C-951C-5F0509F44842}.Debug|Any CPU.Build.0 = Debug|Any CPU
		{EC956CAA-632D-490C-951C-5F0509F44842}.Release|Any CPU.ActiveCfg = Release|Any CPU
		{EC956CAA-632D-490C-951C-5F0509F44842}.Release|Any CPU.Build.0 = Release|Any CPU
		{8096FCE6-6ACA-4BF6-A20F-4AF662A3FC41}.Debug|Any CPU.ActiveCfg = Debug|Any CPU
		{8096FCE6-6ACA-4BF6-A20F-4AF662A3FC41}.Debug|Any CPU.Build.0 = Debug|Any CPU
		{8096FCE6-6ACA-4BF6-A20F-4AF662A3FC41}.Release|Any CPU.ActiveCfg = Release|Any CPU
		{8096FCE6-6ACA-4BF6-A20F-4AF662A3FC41}.Release|Any CPU.Build.0 = Release|Any CPU
		{9A3F981C-BCD2-4A9B-B4F4-6EF356E4F150}.Debug|Any CPU.ActiveCfg = Debug|Any CPU
		{9A3F981C-BCD2-4A9B-B4F4-6EF356E4F150}.Debug|Any CPU.Build.0 = Debug|Any CPU
		{9A3F981C-BCD2-4A9B-B4F4-6EF356E4F150}.Release|Any CPU.ActiveCfg = Release|Any CPU
		{9A3F981C-BCD2-4A9B-B4F4-6EF356E4F150}.Release|Any CPU.Build.0 = Release|Any CPU
		{4A368746-510F-4324-8F98-4644550845BC}.Debug|Any CPU.ActiveCfg = Debug|Any CPU
		{4A368746-510F-4324-8F98-4644550845BC}.Debug|Any CPU.Build.0 = Debug|Any CPU
		{4A368746-510F-4324-8F98-4644550845BC}.Release|Any CPU.ActiveCfg = Release|Any CPU
		{4A368746-510F-4324-8F98-4644550845BC}.Release|Any CPU.Build.0 = Release|Any CPU
		{210E5FE9-15CC-4852-B922-515EF8F9D077}.Debug|Any CPU.ActiveCfg = Debug|Any CPU
		{210E5FE9-15CC-4852-B922-515EF8F9D077}.Debug|Any CPU.Build.0 = Debug|Any CPU
		{210E5FE9-15CC-4852-B922-515EF8F9D077}.Release|Any CPU.ActiveCfg = Release|Any CPU
		{210E5FE9-15CC-4852-B922-515EF8F9D077}.Release|Any CPU.Build.0 = Release|Any CPU
		{0B88FF91-26DF-4983-9188-F96604F4E721}.Debug|Any CPU.ActiveCfg = Debug|Any CPU
		{0B88FF91-26DF-4983-9188-F96604F4E721}.Debug|Any CPU.Build.0 = Debug|Any CPU
		{0B88FF91-26DF-4983-9188-F96604F4E721}.Release|Any CPU.ActiveCfg = Release|Any CPU
		{0B88FF91-26DF-4983-9188-F96604F4E721}.Release|Any CPU.Build.0 = Release|Any CPU
		{0111ED11-45B8-475A-92FB-F58DD9444B67}.Debug|Any CPU.ActiveCfg = Debug|Any CPU
		{0111ED11-45B8-475A-92FB-F58DD9444B67}.Debug|Any CPU.Build.0 = Debug|Any CPU
		{0111ED11-45B8-475A-92FB-F58DD9444B67}.Release|Any CPU.ActiveCfg = Release|Any CPU
		{0111ED11-45B8-475A-92FB-F58DD9444B67}.Release|Any CPU.Build.0 = Release|Any CPU
	EndGlobalSection
	GlobalSection(SolutionProperties) = preSolution
		HideSolutionNode = FALSE
	EndGlobalSection
	GlobalSection(ExtensibilityGlobals) = postSolution
		SolutionGuid = {926D5873-646D-48F1-B958-8C86776EF5D7}
	EndGlobalSection
EndGlobal
